
Microsoft Visual Studio Solution File, Format Version 12.00
# Visual Studio Version 17
VisualStudioVersion = 17.12.35527.113
MinimumVisualStudioVersion = 10.0.40219.1
Project("{FAE04EC0-301F-11D3-BF4B-00C04F79EFBC}") = "ProductReviewAnalyzer.Common", "Common\ProductReviewAnalyzer.Common.csproj", "{48A9C13D-2D4A-4349-B750-1662AB087FBE}"
EndProject
Project("{E53339B2-1760-4266-BCC7-CA923CBCF16C}") = "docker-compose", "docker-compose.dcproj", "{0CE36696-2DD7-45AA-9D24-F129EA7C099A}"
EndProject
Project("{2150E333-8FDC-42A3-9474-1A3956D46DE8}") = "AnalysisService", "AnalysisService", "{2908EBB8-E348-4E02-B2EF-D874BFAFE975}"
EndProject
Project("{FAE04EC0-301F-11D3-BF4B-00C04F79EFBC}") = "ProductReviewAnalyzer.AnalysisService.API", "AnalysisService\AnalysisService.API\ProductReviewAnalyzer.AnalysisService.API.csproj", "{09F51B30-1FA6-4A4A-87D4-D8459C0234B3}"
EndProject
Project("{FAE04EC0-301F-11D3-BF4B-00C04F79EFBC}") = "ProductReviewAnalyzer.AnalysisService.Application", "AnalysisService\AnalysisService.Application\ProductReviewAnalyzer.AnalysisService.Application.csproj", "{22377247-BFE8-4088-95F0-B6B56BD398BC}"
EndProject
Project("{FAE04EC0-301F-11D3-BF4B-00C04F79EFBC}") = "ProductReviewAnalyzer.AnalysisService.Domain", "AnalysisService\AnalysisService.Domain\ProductReviewAnalyzer.AnalysisService.Domain.csproj", "{C68A55FA-E958-40E0-A367-3BD61A96701D}"
EndProject
Project("{FAE04EC0-301F-11D3-BF4B-00C04F79EFBC}") = "ProductReviewAnalyzer.AnalysisService.Infrastructure", "AnalysisService\AnalysisService.Infrastructure\ProductReviewAnalyzer.AnalysisService.Infrastructure.csproj", "{2CE2539E-1D00-428B-971D-9300D53F7AD4}"
EndProject
Project("{FAE04EC0-301F-11D3-BF4B-00C04F79EFBC}") = "ProductReviewAnalyzer.AnalysisService.Messaging", "AnalysisService\AnalysisService.Messaging\ProductReviewAnalyzer.AnalysisService.Messaging.csproj", "{29FF9811-6470-4EF5-97CA-0BA10A9A0910}"
EndProject
Project("{2150E333-8FDC-42A3-9474-1A3956D46DE8}") = "AnalysisTrackerService", "AnalysisTrackerService", "{B09774E6-B229-4BA2-BB96-B3F5E86FDAA8}"
EndProject
Project("{FAE04EC0-301F-11D3-BF4B-00C04F79EFBC}") = "ProductReviewAnalyzer.AnalysisTrackerService.API", "AnalysisTrackerService\AnalysisTrackerService.API\ProductReviewAnalyzer.AnalysisTrackerService.API.csproj", "{B6F4E582-172C-4779-BBFC-055CD2B75F8A}"
EndProject
Project("{FAE04EC0-301F-11D3-BF4B-00C04F79EFBC}") = "ProductReviewAnalyzer.AnalysisTrackerService.Domain", "AnalysisTrackerService\AnalysisTrackerService.Domain\ProductReviewAnalyzer.AnalysisTrackerService.Domain.csproj", "{ACB252FB-D817-412E-B782-B9858C2DEC1B}"
EndProject
Project("{FAE04EC0-301F-11D3-BF4B-00C04F79EFBC}") = "ProductReviewAnalyzer.AnalysisTrackerService.Application", "AnalysisTrackerService\AnalysisTrackerService.Application\ProductReviewAnalyzer.AnalysisTrackerService.Application.csproj", "{EEE074DB-1F1F-4372-B9E0-733698E04DA3}"
EndProject
Project("{FAE04EC0-301F-11D3-BF4B-00C04F79EFBC}") = "ProductReviewAnalyzer.AnalysisTrackerService.Infrastructure", "AnalysisTrackerService\AnalysisTrackerService.Infrastructure\ProductReviewAnalyzer.AnalysisTrackerService.Infrastructure.csproj", "{E2ED5FB8-B7B2-4446-9B3F-65B0305E765A}"
EndProject
Project("{2150E333-8FDC-42A3-9474-1A3956D46DE8}") = "TableauExporterService", "TableauExporterService", "{17CF8952-EE54-4C9F-81D3-2D59A67383C0}"
EndProject
Project("{FAE04EC0-301F-11D3-BF4B-00C04F79EFBC}") = "ProductReviewAnalyzer.TableauExporterService.API", "TableauExporterService\TableauExporterService.API\ProductReviewAnalyzer.TableauExporterService.API.csproj", "{58F70C4C-0039-4904-90F7-5AA25A41569F}"
EndProject
Project("{FAE04EC0-301F-11D3-BF4B-00C04F79EFBC}") = "ProductReviewAnalyzer.TableauExporterService.Infrastructure", "TableauExporterService\TableauExporterService.Infrastructure\ProductReviewAnalyzer.TableauExporterService.Infrastructure.csproj", "{741FDA23-53C5-49F4-84BF-65380BD2A491}"
EndProject
Project("{FAE04EC0-301F-11D3-BF4B-00C04F79EFBC}") = "ProductReviewAnalyzer.WebApp", "WebApp\ProductReviewAnalyzer.WebApp.csproj", "{ECF84838-DB89-4B67-BEBD-2F9E47BCB399}"
EndProject
Project("{FAE04EC0-301F-11D3-BF4B-00C04F79EFBC}") = "ProductReviewAnalyzer.ApiGateway", "ApiGateway\ProductReviewAnalyzer.ApiGateway.csproj", "{487E19A7-A050-4129-BFA3-47F7045AE616}"
EndProject
Project("{FAE04EC0-301F-11D3-BF4B-00C04F79EFBC}") = "ProductReviewAnalyzer.TableauExporterService.Features", "TableauExporterService\TableauExporterService.Features\ProductReviewAnalyzer.TableauExporterService.Features.csproj", "{7BF8F596-F3F9-4930-A0E0-F83823FE8FDA}"
EndProject
Project("{FAE04EC0-301F-11D3-BF4B-00C04F79EFBC}") = "ProductReviewAnalyzer.Contracts", "Contracts\ProductReviewAnalyzer.Contracts.csproj", "{A7AD74D8-D0BB-455F-BE3C-89E5B6CC193C}"
EndProject
Project("{2150E333-8FDC-42A3-9474-1A3956D46DE8}") = "ReviewsScraper", "ReviewsScraper", "{5BCCFAE0-8377-439C-9A13-829FB43CB6BF}"
EndProject
Project("{FAE04EC0-301F-11D3-BF4B-00C04F79EFBC}") = "ProductReviewAnalyzer.ReviewsScraper.Rozetka", "ReviewsScraper\ReviewsScraper.Rozetka\ProductReviewAnalyzer.ReviewsScraper.Rozetka.csproj", "{0EB98283-DEBF-46BD-8F87-0F6EC60D623E}"
EndProject
Project("{FAE04EC0-301F-11D3-BF4B-00C04F79EFBC}") = "ProductReviewAnalyzer.ReviewsScraper.Allo", "ReviewsScraper\ReviewsScraper.Allo\ProductReviewAnalyzer.ReviewsScraper.Allo.csproj", "{375C4A35-90DB-4E89-8948-EE83C822DEC3}"
EndProject
Project("{FAE04EC0-301F-11D3-BF4B-00C04F79EFBC}") = "ProductReviewAnalyzer.ReviewsScraper.Foxtrot", "ReviewsScraper\ReviewsScraper.Foxtrot\ProductReviewAnalyzer.ReviewsScraper.Foxtrot.csproj", "{8F1CBC3C-6639-437C-BBFC-37D330945AD1}"
EndProject
Project("{FAE04EC0-301F-11D3-BF4B-00C04F79EFBC}") = "ProductReviewAnalyzer.ReviewsScraper.Core", "ReviewsScraper\ReviewsScraper.Core\ProductReviewAnalyzer.ReviewsScraper.Core.csproj", "{29980BE3-22C9-4413-AF48-2C3A6A5AD7DF}"
EndProject
Project("{FAE04EC0-301F-11D3-BF4B-00C04F79EFBC}") = "ProductReviewAnalyzer.AnalysisTrackerService.Messaging", "AnalysisTrackerService\AnalysisTrackerService.Messaging\ProductReviewAnalyzer.AnalysisTrackerService.Messaging.csproj", "{4898D237-7C43-4B1F-9E53-408D5A747629}"
EndProject
Project("{FAE04EC0-301F-11D3-BF4B-00C04F79EFBC}") = "ProductReviewAnalyzer.ReviewsScraper.API", "ReviewsScraper\ReviewsScraper.API\ProductReviewAnalyzer.ReviewsScraper.API.csproj", "{B816BCF5-D472-47A0-8C3F-4D2F4B651E0F}"
EndProject
Global
	GlobalSection(SolutionConfigurationPlatforms) = preSolution
		Debug|Any CPU = Debug|Any CPU
		Release|Any CPU = Release|Any CPU
	EndGlobalSection
	GlobalSection(ProjectConfigurationPlatforms) = postSolution
		{48A9C13D-2D4A-4349-B750-1662AB087FBE}.Debug|Any CPU.ActiveCfg = Debug|Any CPU
		{48A9C13D-2D4A-4349-B750-1662AB087FBE}.Debug|Any CPU.Build.0 = Debug|Any CPU
		{48A9C13D-2D4A-4349-B750-1662AB087FBE}.Release|Any CPU.ActiveCfg = Release|Any CPU
		{48A9C13D-2D4A-4349-B750-1662AB087FBE}.Release|Any CPU.Build.0 = Release|Any CPU
		{0CE36696-2DD7-45AA-9D24-F129EA7C099A}.Debug|Any CPU.ActiveCfg = Debug|Any CPU
		{0CE36696-2DD7-45AA-9D24-F129EA7C099A}.Debug|Any CPU.Build.0 = Debug|Any CPU
		{0CE36696-2DD7-45AA-9D24-F129EA7C099A}.Release|Any CPU.ActiveCfg = Release|Any CPU
		{0CE36696-2DD7-45AA-9D24-F129EA7C099A}.Release|Any CPU.Build.0 = Release|Any CPU
		{09F51B30-1FA6-4A4A-87D4-D8459C0234B3}.Debug|Any CPU.ActiveCfg = Debug|Any CPU
		{09F51B30-1FA6-4A4A-87D4-D8459C0234B3}.Debug|Any CPU.Build.0 = Debug|Any CPU
		{09F51B30-1FA6-4A4A-87D4-D8459C0234B3}.Release|Any CPU.ActiveCfg = Release|Any CPU
		{09F51B30-1FA6-4A4A-87D4-D8459C0234B3}.Release|Any CPU.Build.0 = Release|Any CPU
		{22377247-BFE8-4088-95F0-B6B56BD398BC}.Debug|Any CPU.ActiveCfg = Debug|Any CPU
		{22377247-BFE8-4088-95F0-B6B56BD398BC}.Debug|Any CPU.Build.0 = Debug|Any CPU
		{22377247-BFE8-4088-95F0-B6B56BD398BC}.Release|Any CPU.ActiveCfg = Release|Any CPU
		{22377247-BFE8-4088-95F0-B6B56BD398BC}.Release|Any CPU.Build.0 = Release|Any CPU
		{C68A55FA-E958-40E0-A367-3BD61A96701D}.Debug|Any CPU.ActiveCfg = Debug|Any CPU
		{C68A55FA-E958-40E0-A367-3BD61A96701D}.Debug|Any CPU.Build.0 = Debug|Any CPU
		{C68A55FA-E958-40E0-A367-3BD61A96701D}.Release|Any CPU.ActiveCfg = Release|Any CPU
		{C68A55FA-E958-40E0-A367-3BD61A96701D}.Release|Any CPU.Build.0 = Release|Any CPU
		{2CE2539E-1D00-428B-971D-9300D53F7AD4}.Debug|Any CPU.ActiveCfg = Debug|Any CPU
		{2CE2539E-1D00-428B-971D-9300D53F7AD4}.Debug|Any CPU.Build.0 = Debug|Any CPU
		{2CE2539E-1D00-428B-971D-9300D53F7AD4}.Release|Any CPU.ActiveCfg = Release|Any CPU
		{2CE2539E-1D00-428B-971D-9300D53F7AD4}.Release|Any CPU.Build.0 = Release|Any CPU
		{29FF9811-6470-4EF5-97CA-0BA10A9A0910}.Debug|Any CPU.ActiveCfg = Debug|Any CPU
		{29FF9811-6470-4EF5-97CA-0BA10A9A0910}.Debug|Any CPU.Build.0 = Debug|Any CPU
		{29FF9811-6470-4EF5-97CA-0BA10A9A0910}.Release|Any CPU.ActiveCfg = Release|Any CPU
		{29FF9811-6470-4EF5-97CA-0BA10A9A0910}.Release|Any CPU.Build.0 = Release|Any CPU
		{B6F4E582-172C-4779-BBFC-055CD2B75F8A}.Debug|Any CPU.ActiveCfg = Debug|Any CPU
		{B6F4E582-172C-4779-BBFC-055CD2B75F8A}.Debug|Any CPU.Build.0 = Debug|Any CPU
		{B6F4E582-172C-4779-BBFC-055CD2B75F8A}.Release|Any CPU.ActiveCfg = Release|Any CPU
		{B6F4E582-172C-4779-BBFC-055CD2B75F8A}.Release|Any CPU.Build.0 = Release|Any CPU
		{ACB252FB-D817-412E-B782-B9858C2DEC1B}.Debug|Any CPU.ActiveCfg = Debug|Any CPU
		{ACB252FB-D817-412E-B782-B9858C2DEC1B}.Debug|Any CPU.Build.0 = Debug|Any CPU
		{ACB252FB-D817-412E-B782-B9858C2DEC1B}.Release|Any CPU.ActiveCfg = Release|Any CPU
		{ACB252FB-D817-412E-B782-B9858C2DEC1B}.Release|Any CPU.Build.0 = Release|Any CPU
		{EEE074DB-1F1F-4372-B9E0-733698E04DA3}.Debug|Any CPU.ActiveCfg = Debug|Any CPU
		{EEE074DB-1F1F-4372-B9E0-733698E04DA3}.Debug|Any CPU.Build.0 = Debug|Any CPU
		{EEE074DB-1F1F-4372-B9E0-733698E04DA3}.Release|Any CPU.ActiveCfg = Release|Any CPU
		{EEE074DB-1F1F-4372-B9E0-733698E04DA3}.Release|Any CPU.Build.0 = Release|Any CPU
		{E2ED5FB8-B7B2-4446-9B3F-65B0305E765A}.Debug|Any CPU.ActiveCfg = Debug|Any CPU
		{E2ED5FB8-B7B2-4446-9B3F-65B0305E765A}.Debug|Any CPU.Build.0 = Debug|Any CPU
		{E2ED5FB8-B7B2-4446-9B3F-65B0305E765A}.Release|Any CPU.ActiveCfg = Release|Any CPU
		{E2ED5FB8-B7B2-4446-9B3F-65B0305E765A}.Release|Any CPU.Build.0 = Release|Any CPU
		{58F70C4C-0039-4904-90F7-5AA25A41569F}.Debug|Any CPU.ActiveCfg = Debug|Any CPU
		{58F70C4C-0039-4904-90F7-5AA25A41569F}.Debug|Any CPU.Build.0 = Debug|Any CPU
		{58F70C4C-0039-4904-90F7-5AA25A41569F}.Release|Any CPU.ActiveCfg = Release|Any CPU
		{58F70C4C-0039-4904-90F7-5AA25A41569F}.Release|Any CPU.Build.0 = Release|Any CPU
		{741FDA23-53C5-49F4-84BF-65380BD2A491}.Debug|Any CPU.ActiveCfg = Debug|Any CPU
		{741FDA23-53C5-49F4-84BF-65380BD2A491}.Debug|Any CPU.Build.0 = Debug|Any CPU
		{741FDA23-53C5-49F4-84BF-65380BD2A491}.Release|Any CPU.ActiveCfg = Release|Any CPU
		{741FDA23-53C5-49F4-84BF-65380BD2A491}.Release|Any CPU.Build.0 = Release|Any CPU
		{ECF84838-DB89-4B67-BEBD-2F9E47BCB399}.Debug|Any CPU.ActiveCfg = Debug|Any CPU
		{ECF84838-DB89-4B67-BEBD-2F9E47BCB399}.Debug|Any CPU.Build.0 = Debug|Any CPU
		{ECF84838-DB89-4B67-BEBD-2F9E47BCB399}.Release|Any CPU.ActiveCfg = Release|Any CPU
		{ECF84838-DB89-4B67-BEBD-2F9E47BCB399}.Release|Any CPU.Build.0 = Release|Any CPU
		{487E19A7-A050-4129-BFA3-47F7045AE616}.Debug|Any CPU.ActiveCfg = Debug|Any CPU
		{487E19A7-A050-4129-BFA3-47F7045AE616}.Debug|Any CPU.Build.0 = Debug|Any CPU
		{487E19A7-A050-4129-BFA3-47F7045AE616}.Release|Any CPU.ActiveCfg = Release|Any CPU
		{487E19A7-A050-4129-BFA3-47F7045AE616}.Release|Any CPU.Build.0 = Release|Any CPU
		{7BF8F596-F3F9-4930-A0E0-F83823FE8FDA}.Debug|Any CPU.ActiveCfg = Debug|Any CPU
		{7BF8F596-F3F9-4930-A0E0-F83823FE8FDA}.Debug|Any CPU.Build.0 = Debug|Any CPU
		{7BF8F596-F3F9-4930-A0E0-F83823FE8FDA}.Release|Any CPU.ActiveCfg = Release|Any CPU
		{7BF8F596-F3F9-4930-A0E0-F83823FE8FDA}.Release|Any CPU.Build.0 = Release|Any CPU
		{A7AD74D8-D0BB-455F-BE3C-89E5B6CC193C}.Debug|Any CPU.ActiveCfg = Debug|Any CPU
		{A7AD74D8-D0BB-455F-BE3C-89E5B6CC193C}.Debug|Any CPU.Build.0 = Debug|Any CPU
		{A7AD74D8-D0BB-455F-BE3C-89E5B6CC193C}.Release|Any CPU.ActiveCfg = Release|Any CPU
		{A7AD74D8-D0BB-455F-BE3C-89E5B6CC193C}.Release|Any CPU.Build.0 = Release|Any CPU
		{0EB98283-DEBF-46BD-8F87-0F6EC60D623E}.Debug|Any CPU.ActiveCfg = Debug|Any CPU
		{0EB98283-DEBF-46BD-8F87-0F6EC60D623E}.Debug|Any CPU.Build.0 = Debug|Any CPU
		{0EB98283-DEBF-46BD-8F87-0F6EC60D623E}.Release|Any CPU.ActiveCfg = Release|Any CPU
		{0EB98283-DEBF-46BD-8F87-0F6EC60D623E}.Release|Any CPU.Build.0 = Release|Any CPU
		{375C4A35-90DB-4E89-8948-EE83C822DEC3}.Debug|Any CPU.ActiveCfg = Debug|Any CPU
		{375C4A35-90DB-4E89-8948-EE83C822DEC3}.Debug|Any CPU.Build.0 = Debug|Any CPU
		{375C4A35-90DB-4E89-8948-EE83C822DEC3}.Release|Any CPU.ActiveCfg = Release|Any CPU
		{375C4A35-90DB-4E89-8948-EE83C822DEC3}.Release|Any CPU.Build.0 = Release|Any CPU
		{8F1CBC3C-6639-437C-BBFC-37D330945AD1}.Debug|Any CPU.ActiveCfg = Debug|Any CPU
		{8F1CBC3C-6639-437C-BBFC-37D330945AD1}.Debug|Any CPU.Build.0 = Debug|Any CPU
		{8F1CBC3C-6639-437C-BBFC-37D330945AD1}.Release|Any CPU.ActiveCfg = Release|Any CPU
		{8F1CBC3C-6639-437C-BBFC-37D330945AD1}.Release|Any CPU.Build.0 = Release|Any CPU
		{29980BE3-22C9-4413-AF48-2C3A6A5AD7DF}.Debug|Any CPU.ActiveCfg = Debug|Any CPU
		{29980BE3-22C9-4413-AF48-2C3A6A5AD7DF}.Debug|Any CPU.Build.0 = Debug|Any CPU
		{29980BE3-22C9-4413-AF48-2C3A6A5AD7DF}.Release|Any CPU.ActiveCfg = Release|Any CPU
		{29980BE3-22C9-4413-AF48-2C3A6A5AD7DF}.Release|Any CPU.Build.0 = Release|Any CPU
		{4898D237-7C43-4B1F-9E53-408D5A747629}.Debug|Any CPU.ActiveCfg = Debug|Any CPU
		{4898D237-7C43-4B1F-9E53-408D5A747629}.Debug|Any CPU.Build.0 = Debug|Any CPU
		{4898D237-7C43-4B1F-9E53-408D5A747629}.Release|Any CPU.ActiveCfg = Release|Any CPU
		{4898D237-7C43-4B1F-9E53-408D5A747629}.Release|Any CPU.Build.0 = Release|Any CPU
		{B816BCF5-D472-47A0-8C3F-4D2F4B651E0F}.Debug|Any CPU.ActiveCfg = Debug|Any CPU
		{B816BCF5-D472-47A0-8C3F-4D2F4B651E0F}.Debug|Any CPU.Build.0 = Debug|Any CPU
		{B816BCF5-D472-47A0-8C3F-4D2F4B651E0F}.Release|Any CPU.ActiveCfg = Release|Any CPU
		{B816BCF5-D472-47A0-8C3F-4D2F4B651E0F}.Release|Any CPU.Build.0 = Release|Any CPU
	EndGlobalSection
	GlobalSection(SolutionProperties) = preSolution
		HideSolutionNode = FALSE
	EndGlobalSection
	GlobalSection(NestedProjects) = preSolution
		{09F51B30-1FA6-4A4A-87D4-D8459C0234B3} = {2908EBB8-E348-4E02-B2EF-D874BFAFE975}
		{22377247-BFE8-4088-95F0-B6B56BD398BC} = {2908EBB8-E348-4E02-B2EF-D874BFAFE975}
		{C68A55FA-E958-40E0-A367-3BD61A96701D} = {2908EBB8-E348-4E02-B2EF-D874BFAFE975}
		{2CE2539E-1D00-428B-971D-9300D53F7AD4} = {2908EBB8-E348-4E02-B2EF-D874BFAFE975}
		{29FF9811-6470-4EF5-97CA-0BA10A9A0910} = {2908EBB8-E348-4E02-B2EF-D874BFAFE975}
		{B6F4E582-172C-4779-BBFC-055CD2B75F8A} = {B09774E6-B229-4BA2-BB96-B3F5E86FDAA8}
		{ACB252FB-D817-412E-B782-B9858C2DEC1B} = {B09774E6-B229-4BA2-BB96-B3F5E86FDAA8}
		{EEE074DB-1F1F-4372-B9E0-733698E04DA3} = {B09774E6-B229-4BA2-BB96-B3F5E86FDAA8}
		{E2ED5FB8-B7B2-4446-9B3F-65B0305E765A} = {B09774E6-B229-4BA2-BB96-B3F5E86FDAA8}
		{58F70C4C-0039-4904-90F7-5AA25A41569F} = {17CF8952-EE54-4C9F-81D3-2D59A67383C0}
		{741FDA23-53C5-49F4-84BF-65380BD2A491} = {17CF8952-EE54-4C9F-81D3-2D59A67383C0}
		{7BF8F596-F3F9-4930-A0E0-F83823FE8FDA} = {17CF8952-EE54-4C9F-81D3-2D59A67383C0}
		{0EB98283-DEBF-46BD-8F87-0F6EC60D623E} = {5BCCFAE0-8377-439C-9A13-829FB43CB6BF}
		{375C4A35-90DB-4E89-8948-EE83C822DEC3} = {5BCCFAE0-8377-439C-9A13-829FB43CB6BF}
		{8F1CBC3C-6639-437C-BBFC-37D330945AD1} = {5BCCFAE0-8377-439C-9A13-829FB43CB6BF}
		{29980BE3-22C9-4413-AF48-2C3A6A5AD7DF} = {5BCCFAE0-8377-439C-9A13-829FB43CB6BF}
		{4898D237-7C43-4B1F-9E53-408D5A747629} = {B09774E6-B229-4BA2-BB96-B3F5E86FDAA8}
		{B816BCF5-D472-47A0-8C3F-4D2F4B651E0F} = {5BCCFAE0-8377-439C-9A13-829FB43CB6BF}
	EndGlobalSection
EndGlobal
